// !$*UTF8*$!
{
	archiveVersion = 1;
	classes = {
	};
	objectVersion = 50;
	objects = {

/* Begin PBXBuildFile section */
		2A73C27124035AEC005F9660 /* AppDelegate.swift in Sources */ = {isa = PBXBuildFile; fileRef = 2A73C27024035AEC005F9660 /* AppDelegate.swift */; };
		2A73C27324035AEC005F9660 /* SceneDelegate.swift in Sources */ = {isa = PBXBuildFile; fileRef = 2A73C27224035AEC005F9660 /* SceneDelegate.swift */; };
		2A73C27524035AEC005F9660 /* ContentView.swift in Sources */ = {isa = PBXBuildFile; fileRef = 2A73C27424035AEC005F9660 /* ContentView.swift */; };
		2A73C27724035AF0005F9660 /* Assets.xcassets in Resources */ = {isa = PBXBuildFile; fileRef = 2A73C27624035AF0005F9660 /* Assets.xcassets */; };
		2A73C27A24035AF0005F9660 /* Preview Assets.xcassets in Resources */ = {isa = PBXBuildFile; fileRef = 2A73C27924035AF0005F9660 /* Preview Assets.xcassets */; };
		2A73C27D24035AF0005F9660 /* LaunchScreen.storyboard in Resources */ = {isa = PBXBuildFile; fileRef = 2A73C27B24035AF0005F9660 /* LaunchScreen.storyboard */; };
		2A73C28824035AF0005F9660 /* testDarkModeTests.swift in Sources */ = {isa = PBXBuildFile; fileRef = 2A73C28724035AF0005F9660 /* testDarkModeTests.swift */; };
		2A73C29424035EBE005F9660 /* Condiment-Regular.ttf in Resources */ = {isa = PBXBuildFile; fileRef = 2A73C29324035EBE005F9660 /* Condiment-Regular.ttf */; };
/* End PBXBuildFile section */

/* Begin PBXContainerItemProxy section */
		2A73C28424035AF0005F9660 /* PBXContainerItemProxy */ = {
			isa = PBXContainerItemProxy;
			containerPortal = 2A73C26524035AEC005F9660 /* Project object */;
			proxyType = 1;
			remoteGlobalIDString = 2A73C26C24035AEC005F9660;
			remoteInfo = testDarkMode;
		};
/* End PBXContainerItemProxy section */

/* Begin PBXFileReference section */
		2A73C26D24035AEC005F9660 /* testDarkMode.app */ = {isa = PBXFileReference; explicitFileType = wrapper.application; includeInIndex = 0; path = testDarkMode.app; sourceTree = BUILT_PRODUCTS_DIR; };
		2A73C27024035AEC005F9660 /* AppDelegate.swift */ = {isa = PBXFileReference; lastKnownFileType = sourcecode.swift; path = AppDelegate.swift; sourceTree = "<group>"; };
		2A73C27224035AEC005F9660 /* SceneDelegate.swift */ = {isa = PBXFileReference; lastKnownFileType = sourcecode.swift; path = SceneDelegate.swift; sourceTree = "<group>"; };
		2A73C27424035AEC005F9660 /* ContentView.swift */ = {isa = PBXFileReference; lastKnownFileType = sourcecode.swift; path = ContentView.swift; sourceTree = "<group>"; };
		2A73C27624035AF0005F9660 /* Assets.xcassets */ = {isa = PBXFileReference; lastKnownFileType = folder.assetcatalog; path = Assets.xcassets; sourceTree = "<group>"; };
		2A73C27924035AF0005F9660 /* Preview Assets.xcassets */ = {isa = PBXFileReference; lastKnownFileType = folder.assetcatalog; path = "Preview Assets.xcassets"; sourceTree = "<group>"; };
		2A73C27C24035AF0005F9660 /* Base */ = {isa = PBXFileReference; lastKnownFileType = file.storyboard; name = Base; path = Base.lproj/LaunchScreen.storyboard; sourceTree = "<group>"; };
		2A73C27E24035AF0005F9660 /* Info.plist */ = {isa = PBXFileReference; lastKnownFileType = text.plist.xml; path = Info.plist; sourceTree = "<group>"; };
		2A73C28324035AF0005F9660 /* testDarkModeTests.xctest */ = {isa = PBXFileReference; explicitFileType = wrapper.cfbundle; includeInIndex = 0; path = testDarkModeTests.xctest; sourceTree = BUILT_PRODUCTS_DIR; };
		2A73C28724035AF0005F9660 /* testDarkModeTests.swift */ = {isa = PBXFileReference; lastKnownFileType = sourcecode.swift; path = testDarkModeTests.swift; sourceTree = "<group>"; };
		2A73C28924035AF0005F9660 /* Info.plist */ = {isa = PBXFileReference; lastKnownFileType = text.plist.xml; path = Info.plist; sourceTree = "<group>"; };
		2A73C29324035EBE005F9660 /* Condiment-Regular.ttf */ = {isa = PBXFileReference; lastKnownFileType = file; path = "Condiment-Regular.ttf"; sourceTree = "<group>"; };
/* End PBXFileReference section */

/* Begin PBXFrameworksBuildPhase section */
		2A73C26A24035AEC005F9660 /* Frameworks */ = {
			isa = PBXFrameworksBuildPhase;
			buildActionMask = 2147483647;
			files = (
			);
			runOnlyForDeploymentPostprocessing = 0;
		};
		2A73C28024035AF0005F9660 /* Frameworks */ = {
			isa = PBXFrameworksBuildPhase;
			buildActionMask = 2147483647;
			files = (
			);
			runOnlyForDeploymentPostprocessing = 0;
		};
/* End PBXFrameworksBuildPhase section */

/* Begin PBXGroup section */
		2A73C26424035AEC005F9660 = {
			isa = PBXGroup;
			children = (
				2A73C26F24035AEC005F9660 /* testDarkMode */,
				2A73C28624035AF0005F9660 /* testDarkModeTests */,
				2A73C26E24035AEC005F9660 /* Products */,
			);
			sourceTree = "<group>";
		};
		2A73C26E24035AEC005F9660 /* Products */ = {
			isa = PBXGroup;
			children = (
				2A73C26D24035AEC005F9660 /* testDarkMode.app */,
				2A73C28324035AF0005F9660 /* testDarkModeTests.xctest */,
			);
			name = Products;
			sourceTree = "<group>";
		};
		2A73C26F24035AEC005F9660 /* testDarkMode */ = {
			isa = PBXGroup;
			children = (
				2A73C29224035E9F005F9660 /* fonts */,
				2A73C27024035AEC005F9660 /* AppDelegate.swift */,
				2A73C27224035AEC005F9660 /* SceneDelegate.swift */,
				2A73C27424035AEC005F9660 /* ContentView.swift */,
				2A73C27624035AF0005F9660 /* Assets.xcassets */,
				2A73C27B24035AF0005F9660 /* LaunchScreen.storyboard */,
				2A73C27E24035AF0005F9660 /* Info.plist */,
				2A73C27824035AF0005F9660 /* Preview Content */,
			);
			path = testDarkMode;
			sourceTree = "<group>";
		};
		2A73C27824035AF0005F9660 /* Preview Content */ = {
			isa = PBXGroup;
			children = (
				2A73C27924035AF0005F9660 /* Preview Assets.xcassets */,
			);
			path = "Preview Content";
			sourceTree = "<group>";
		};
		2A73C28624035AF0005F9660 /* testDarkModeTests */ = {
			isa = PBXGroup;
			children = (
				2A73C28724035AF0005F9660 /* testDarkModeTests.swift */,
				2A73C28924035AF0005F9660 /* Info.plist */,
			);
			path = testDarkModeTests;
			sourceTree = "<group>";
		};
		2A73C29224035E9F005F9660 /* fonts */ = {
			isa = PBXGroup;
			children = (
				2A73C29324035EBE005F9660 /* Condiment-Regular.ttf */,
			);
			path = fonts;
			sourceTree = "<group>";
		};
/* End PBXGroup section */

/* Begin PBXNativeTarget section */
		2A73C26C24035AEC005F9660 /* testDarkMode */ = {
			isa = PBXNativeTarget;
			buildConfigurationList = 2A73C28C24035AF0005F9660 /* Build configuration list for PBXNativeTarget "testDarkMode" */;
			buildPhases = (
				2A73C26924035AEC005F9660 /* Sources */,
				2A73C26A24035AEC005F9660 /* Frameworks */,
				2A73C26B24035AEC005F9660 /* Resources */,
			);
			buildRules = (
			);
			dependencies = (
			);
			name = testDarkMode;
			productName = testDarkMode;
			productReference = 2A73C26D24035AEC005F9660 /* testDarkMode.app */;
			productType = "com.apple.product-type.application";
		};
		2A73C28224035AF0005F9660 /* testDarkModeTests */ = {
			isa = PBXNativeTarget;
			buildConfigurationList = 2A73C28F24035AF0005F9660 /* Build configuration list for PBXNativeTarget "testDarkModeTests" */;
			buildPhases = (
				2A73C27F24035AF0005F9660 /* Sources */,
				2A73C28024035AF0005F9660 /* Frameworks */,
				2A73C28124035AF0005F9660 /* Resources */,
			);
			buildRules = (
			);
			dependencies = (
				2A73C28524035AF0005F9660 /* PBXTargetDependency */,
			);
			name = testDarkModeTests;
			productName = testDarkModeTests;
			productReference = 2A73C28324035AF0005F9660 /* testDarkModeTests.xctest */;
			productType = "com.apple.product-type.bundle.unit-test";
		};
/* End PBXNativeTarget section */

/* Begin PBXProject section */
		2A73C26524035AEC005F9660 /* Project object */ = {
			isa = PBXProject;
			attributes = {
				LastSwiftUpdateCheck = 1130;
				LastUpgradeCheck = 1130;
				ORGANIZATIONNAME = OTChen;
				TargetAttributes = {
					2A73C26C24035AEC005F9660 = {
						CreatedOnToolsVersion = 11.3.1;
					};
					2A73C28224035AF0005F9660 = {
						CreatedOnToolsVersion = 11.3.1;
						TestTargetID = 2A73C26C24035AEC005F9660;
					};
				};
			};
			buildConfigurationList = 2A73C26824035AEC005F9660 /* Build configuration list for PBXProject "testDarkMode" */;
			compatibilityVersion = "Xcode 9.3";
			developmentRegion = en;
			hasScannedForEncodings = 0;
			knownRegions = (
				en,
				Base,
			);
			mainGroup = 2A73C26424035AEC005F9660;
			productRefGroup = 2A73C26E24035AEC005F9660 /* Products */;
			projectDirPath = "";
			projectRoot = "";
			targets = (
				2A73C26C24035AEC005F9660 /* testDarkMode */,
				2A73C28224035AF0005F9660 /* testDarkModeTests */,
			);
		};
/* End PBXProject section */

/* Begin PBXResourcesBuildPhase section */
		2A73C26B24035AEC005F9660 /* Resources */ = {
			isa = PBXResourcesBuildPhase;
			buildActionMask = 2147483647;
			files = (
				2A73C27D24035AF0005F9660 /* LaunchScreen.storyboard in Resources */,
				2A73C29424035EBE005F9660 /* Condiment-Regular.ttf in Resources */,
				2A73C27A24035AF0005F9660 /* Preview Assets.xcassets in Resources */,
				2A73C27724035AF0005F9660 /* Assets.xcassets in Resources */,
			);
			runOnlyForDeploymentPostprocessing = 0;
		};
		2A73C28124035AF0005F9660 /* Resources */ = {
			isa = PBXResourcesBuildPhase;
			buildActionMask = 2147483647;
			files = (
			);
			runOnlyForDeploymentPostprocessing = 0;
		};
/* End PBXResourcesBuildPhase section */

/* Begin PBXSourcesBuildPhase section */
		2A73C26924035AEC005F9660 /* Sources */ = {
			isa = PBXSourcesBuildPhase;
			buildActionMask = 2147483647;
			files = (
				2A73C27124035AEC005F9660 /* AppDelegate.swift in Sources */,
				2A73C27324035AEC005F9660 /* SceneDelegate.swift in Sources */,
				2A73C27524035AEC005F9660 /* ContentView.swift in Sources */,
			);
			runOnlyForDeploymentPostprocessing = 0;
		};
		2A73C27F24035AF0005F9660 /* Sources */ = {
			isa = PBXSourcesBuildPhase;
			buildActionMask = 2147483647;
			files = (
				2A73C28824035AF0005F9660 /* testDarkModeTests.swift in Sources */,
			);
			runOnlyForDeploymentPostprocessing = 0;
		};
/* End PBXSourcesBuildPhase section */

/* Begin PBXTargetDependency section */
		2A73C28524035AF0005F9660 /* PBXTargetDependency */ = {
			isa = PBXTargetDependency;
			target = 2A73C26C24035AEC005F9660 /* testDarkMode */;
			targetProxy = 2A73C28424035AF0005F9660 /* PBXContainerItemProxy */;
		};
/* End PBXTargetDependency section */

/* Begin PBXVariantGroup section */
		2A73C27B24035AF0005F9660 /* LaunchScreen.storyboard */ = {
			isa = PBXVariantGroup;
			children = (
				2A73C27C24035AF0005F9660 /* Base */,
			);
			name = LaunchScreen.storyboard;
			sourceTree = "<group>";
		};
/* End PBXVariantGroup section */

/* Begin XCBuildConfiguration section */
		2A73C28A24035AF0005F9660 /* Debug */ = {
			isa = XCBuildConfiguration;
			buildSettings = {
				ALWAYS_SEARCH_USER_PATHS = NO;
				CLANG_ANALYZER_NONNULL = YES;
				CLANG_ANALYZER_NUMBER_OBJECT_CONVERSION = YES_AGGRESSIVE;
				CLANG_CXX_LANGUAGE_STANDARD = "gnu++14";
				CLANG_CXX_LIBRARY = "libc++";
				CLANG_ENABLE_MODULES = YES;
				CLANG_ENABLE_OBJC_ARC = YES;
				CLANG_ENABLE_OBJC_WEAK = YES;
				CLANG_WARN_BLOCK_CAPTURE_AUTORELEASING = YES;
				CLANG_WARN_BOOL_CONVERSION = YES;
				CLANG_WARN_COMMA = YES;
				CLANG_WARN_CONSTANT_CONVERSION = YES;
				CLANG_WARN_DEPRECATED_OBJC_IMPLEMENTATIONS = YES;
				CLANG_WARN_DIRECT_OBJC_ISA_USAGE = YES_ERROR;
				CLANG_WARN_DOCUMENTATION_COMMENTS = YES;
				CLANG_WARN_EMPTY_BODY = YES;
				CLANG_WARN_ENUM_CONVERSION = YES;
				CLANG_WARN_INFINITE_RECURSION = YES;
				CLANG_WARN_INT_CONVERSION = YES;
				CLANG_WARN_NON_LITERAL_NULL_CONVERSION = YES;
				CLANG_WARN_OBJC_IMPLICIT_RETAIN_SELF = YES;
				CLANG_WARN_OBJC_LITERAL_CONVERSION = YES;
				CLANG_WARN_OBJC_ROOT_CLASS = YES_ERROR;
				CLANG_WARN_RANGE_LOOP_ANALYSIS = YES;
				CLANG_WARN_STRICT_PROTOTYPES = YES;
				CLANG_WARN_SUSPICIOUS_MOVE = YES;
				CLANG_WARN_UNGUARDED_AVAILABILITY = YES_AGGRESSIVE;
				CLANG_WARN_UNREACHABLE_CODE = YES;
				CLANG_WARN__DUPLICATE_METHOD_MATCH = YES;
				COPY_PHASE_STRIP = NO;
				DEBUG_INFORMATION_FORMAT = dwarf;
				ENABLE_STRICT_OBJC_MSGSEND = YES;
				ENABLE_TESTABILITY = YES;
				GCC_C_LANGUAGE_STANDARD = gnu11;
				GCC_DYNAMIC_NO_PIC = NO;
				GCC_NO_COMMON_BLOCKS = YES;
				GCC_OPTIMIZATION_LEVEL = 0;
				GCC_PREPROCESSOR_DEFINITIONS = (
					"DEBUG=1",
					"$(inherited)",
				);
				GCC_WARN_64_TO_32_BIT_CONVERSION = YES;
				GCC_WARN_ABOUT_RETURN_TYPE = YES_ERROR;
				GCC_WARN_UNDECLARED_SELECTOR = YES;
				GCC_WARN_UNINITIALIZED_AUTOS = YES_AGGRESSIVE;
				GCC_WARN_UNUSED_FUNCTION = YES;
				GCC_WARN_UNUSED_VARIABLE = YES;
				IPHONEOS_DEPLOYMENT_TARGET = 13.2;
				MTL_ENABLE_DEBUG_INFO = INCLUDE_SOURCE;
				MTL_FAST_MATH = YES;
				ONLY_ACTIVE_ARCH = YES;
				SDKROOT = iphoneos;
				SWIFT_ACTIVE_COMPILATION_CONDITIONS = DEBUG;
				SWIFT_OPTIMIZATION_LEVEL = "-Onone";
			};
			name = Debug;
		};
		2A73C28B24035AF0005F9660 /* Release */ = {
			isa = XCBuildConfiguration;
			buildSettings = {
				ALWAYS_SEARCH_USER_PATHS = NO;
				CLANG_ANALYZER_NONNULL = YES;
				CLANG_ANALYZER_NUMBER_OBJECT_CONVERSION = YES_AGGRESSIVE;
				CLANG_CXX_LANGUAGE_STANDARD = "gnu++14";
				CLANG_CXX_LIBRARY = "libc++";
				CLANG_ENABLE_MODULES = YES;
				CLANG_ENABLE_OBJC_ARC = YES;
				CLANG_ENABLE_OBJC_WEAK = YES;
				CLANG_WARN_BLOCK_CAPTURE_AUTORELEASING = YES;
				CLANG_WARN_BOOL_CONVERSION = YES;
				CLANG_WARN_COMMA = YES;
				CLANG_WARN_CONSTANT_CONVERSION = YES;
				CLANG_WARN_DEPRECATED_OBJC_IMPLEMENTATIONS = YES;
				CLANG_WARN_DIRECT_OBJC_ISA_USAGE = YES_ERROR;
				CLANG_WARN_DOCUMENTATION_COMMENTS = YES;
				CLANG_WARN_EMPTY_BODY = YES;
				CLANG_WARN_ENUM_CONVERSION = YES;
				CLANG_WARN_INFINITE_RECURSION = YES;
				CLANG_WARN_INT_CONVERSION = YES;
				CLANG_WARN_NON_LITERAL_NULL_CONVERSION = YES;
				CLANG_WARN_OBJC_IMPLICIT_RETAIN_SELF = YES;
				CLANG_WARN_OBJC_LITERAL_CONVERSION = YES;
				CLANG_WARN_OBJC_ROOT_CLASS = YES_ERROR;
				CLANG_WARN_RANGE_LOOP_ANALYSIS = YES;
				CLANG_WARN_STRICT_PROTOTYPES = YES;
				CLANG_WARN_SUSPICIOUS_MOVE = YES;
				CLANG_WARN_UNGUARDED_AVAILABILITY = YES_AGGRESSIVE;
				CLANG_WARN_UNREACHABLE_CODE = YES;
				CLANG_WARN__DUPLICATE_METHOD_MATCH = YES;
				COPY_PHASE_STRIP = NO;
				DEBUG_INFORMATION_FORMAT = "dwarf-with-dsym";
				ENABLE_NS_ASSERTIONS = NO;
				ENABLE_STRICT_OBJC_MSGSEND = YES;
				GCC_C_LANGUAGE_STANDARD = gnu11;
				GCC_NO_COMMON_BLOCKS = YES;
				GCC_WARN_64_TO_32_BIT_CONVERSION = YES;
				GCC_WARN_ABOUT_RETURN_TYPE = YES_ERROR;
				GCC_WARN_UNDECLARED_SELECTOR = YES;
				GCC_WARN_UNINITIALIZED_AUTOS = YES_AGGRESSIVE;
				GCC_WARN_UNUSED_FUNCTION = YES;
				GCC_WARN_UNUSED_VARIABLE = YES;
				IPHONEOS_DEPLOYMENT_TARGET = 13.2;
				MTL_ENABLE_DEBUG_INFO = NO;
				MTL_FAST_MATH = YES;
				SDKROOT = iphoneos;
				SWIFT_COMPILATION_MODE = wholemodule;
				SWIFT_OPTIMIZATION_LEVEL = "-O";
				VALIDATE_PRODUCT = YES;
			};
			name = Release;
		};
		2A73C28D24035AF0005F9660 /* Debug */ = {
			isa = XCBuildConfiguration;
			buildSettings = {
				ASSETCATALOG_COMPILER_APPICON_NAME = AppIcon;
				CODE_SIGN_STYLE = Automatic;
				DEVELOPMENT_ASSET_PATHS = "\"testDarkMode/Preview Content\"";
				DEVELOPMENT_TEAM = X5T43QHMRP;
				ENABLE_PREVIEWS = YES;
				INFOPLIST_FILE = testDarkMode/Info.plist;
				LD_RUNPATH_SEARCH_PATHS = (
					"$(inherited)",
					"@executable_path/Frameworks",
				);
				PRODUCT_BUNDLE_IDENTIFIER = "tw.idv.ot-chen.testDarkMode";
				PRODUCT_NAME = "$(TARGET_NAME)";
				SWIFT_VERSION = 5.0;
				TARGETED_DEVICE_FAMILY = "1,2";
			};
			name = Debug;
		};
		2A73C28E24035AF0005F9660 /* Release */ = {
			isa = XCBuildConfiguration;
			buildSettings = {
				ASSETCATALOG_COMPILER_APPICON_NAME = AppIcon;
				CODE_SIGN_STYLE = Automatic;
				DEVELOPMENT_ASSET_PATHS = "\"testDarkMode/Preview Content\"";
				DEVELOPMENT_TEAM = X5T43QHMRP;
				ENABLE_PREVIEWS = YES;
				INFOPLIST_FILE = testDarkMode/Info.plist;
				LD_RUNPATH_SEARCH_PATHS = (
					"$(inherited)",
					"@executable_path/Frameworks",
				);
				PRODUCT_BUNDLE_IDENTIFIER = "tw.idv.ot-chen.testDarkMode";
				PRODUCT_NAME = "$(TARGET_NAME)";
				SWIFT_VERSION = 5.0;
				TARGETED_DEVICE_FAMILY = "1,2";
			};
			name = Release;
		};
		2A73C29024035AF0005F9660 /* Debug */ = {
			isa = XCBuildConfiguration;
			buildSettings = {
				ALWAYS_EMBED_SWIFT_STANDARD_LIBRARIES = YES;
				BUNDLE_LOADER = "$(TEST_HOST)";
				CODE_SIGN_STYLE = Automatic;
				DEVELOPMENT_TEAM = X5T43QHMRP;
				INFOPLIST_FILE = testDarkModeTests/Info.plist;
				IPHONEOS_DEPLOYMENT_TARGET = 13.2;
				LD_RUNPATH_SEARCH_PATHS = (
					"$(inherited)",
					"@executable_path/Frameworks",
					"@loader_path/Frameworks",
				);
				PRODUCT_BUNDLE_IDENTIFIER = "tw.idv.ot-chen.testDarkModeTests";
				PRODUCT_NAME = "$(TARGET_NAME)";
				SWIFT_VERSION = 5.0;
				TARGETED_DEVICE_FAMILY = "1,2";
				TEST_HOST = "$(BUILT_PRODUCTS_DIR)/testDarkMode.app/testDarkMode";
			};
			name = Debug;
		};
		2A73C29124035AF0005F9660 /* Release */ = {
			isa = XCBuildConfiguration;
			buildSettings = {
				ALWAYS_EMBED_SWIFT_STANDARD_LIBRARIES = YES;
				BUNDLE_LOADER = "$(TEST_HOST)";
				CODE_SIGN_STYLE = Automatic;
				DEVELOPMENT_TEAM = X5T43QHMRP;
				INFOPLIST_FILE = testDarkModeTests/Info.plist;
				IPHONEOS_DEPLOYMENT_TARGET = 13.2;
				LD_RUNPATH_SEARCH_PATHS = (
					"$(inherited)",
					"@executable_path/Frameworks",
					"@loader_path/Frameworks",
				);
				PRODUCT_BUNDLE_IDENTIFIER = "tw.idv.ot-chen.testDarkModeTests";
				PRODUCT_NAME = "$(TARGET_NAME)";
				SWIFT_VERSION = 5.0;
				TARGETED_DEVICE_FAMILY = "1,2";
				TEST_HOST = "$(BUILT_PRODUCTS_DIR)/testDarkMode.app/testDarkMode";
			};
			name = Release;
		};
/* End XCBuildConfiguration section */

/* Begin XCConfigurationList section */
		2A73C26824035AEC005F9660 /* Build configuration list for PBXProject "testDarkMode" */ = {
			isa = XCConfigurationList;
			buildConfigurations = (
				2A73C28A24035AF0005F9660 /* Debug */,
				2A73C28B24035AF0005F9660 /* Release */,
			);
			defaultConfigurationIsVisible = 0;
			defaultConfigurationName = Release;
		};
		2A73C28C24035AF0005F9660 /* Build configuration list for PBXNativeTarget "testDarkMode" */ = {
			isa = XCConfigurationList;
			buildConfigurations = (
				2A73C28D24035AF0005F9660 /* Debug */,
				2A73C28E24035AF0005F9660 /* Release */,
			);
			defaultConfigurationIsVisible = 0;
			defaultConfigurationName = Release;
		};
		2A73C28F24035AF0005F9660 /* Build configuration list for PBXNativeTarget "testDarkModeTests" */ = {
			isa = XCConfigurationList;
			buildConfigurations = (
				2A73C29024035AF0005F9660 /* Debug */,
				2A73C29124035AF0005F9660 /* Release */,
			);
			defaultConfigurationIsVisible = 0;
			defaultConfigurationName = Release;
		};
/* End XCConfigurationList section */
	};
	rootObject = 2A73C26524035AEC005F9660 /* Project object */;
}
